{
  "originHash" : "970595337b820210c1850854d1911ea1b2a133cf0bd07be3d4dd382796b4dd31",
  "pins" : [
    {
      "identity" : "highlightr",
      "kind" : "remoteSourceControl",
      "location" : "https://github.com/raspu/Highlightr",
      "state" : {
        "revision" : "bcf2d0590f32ac2528feb72d7e34f5b463801a47",
        "version" : "2.2.1"
      }
    },
    {
      "identity" : "swift-dynamicjson",
      "kind" : "remoteSourceControl",
      "location" : "https://github.com/objecthub/swift-dynamicjson.git",
      "state" : {
        "revision" : "9648f32126ade414b00b9551c27870d4ad9b168c",
        "version" : "1.0.2"
      }
    }
  ],
  "version" : 3
}
